<Solution>
  <Folder Name="/Solution Items/">
    <File Path="gitignore" />
    <File Path="README.md" />
  </Folder>
  <Project Path="AutomationExercise.Core/AutomationExercise.Core.csproj" />
  <Project Path="AutomationExercise.MSTest.Tests/AutomationExercise.MSTest.Tests.csproj" />
  <Project Path="AutomationExercise.NUnit.Tests/AutomationExercise.NUnit.Tests.csproj" />
  <Project Path="AutomationExercise.XUnit.Tests/AutomationExercise.XUnit.Tests.csproj" />
</Solution>
